hash: e5ea5a8cc638accb99c5c3bc4a96532ce0e9418a2411569013b25378a9835821
updated: 2017-05-04T01:07:25.030081313-03:00
imports:
- name: github.com/alicebob/miniredis
  version: 995ba133bd8fe5dae5a34732bd99f558b0b60e1a
  subpackages:
  - server
- name: github.com/bemobi/envconfig
  version: 757beaaeac8d14bcc7ea3f71488d65cf45cf2eff
- name: github.com/go-redis/redis
  version: 2528e7a712d313b85173f4c677278c8e6270bb23
  subpackages:
  - internal
  - internal/consistenthash
  - internal/hashtag
  - internal/pool
  - internal/proto
testImports: []
